
Microsoft Visual Studio Solution File, Format Version 12.00
# Visual Studio 15
VisualStudioVersion = 15.0.28307.1259
MinimumVisualStudioVersion = 10.0.40219.1
Project("{FAE04EC0-301F-11D3-BF4B-00C04F79EFBC}") = "ConsultaTemperatura", "ConsultaTemperatura\ConsultaTemperatura.csproj", "{151E951C-2130-41AE-86D0-E1D931B97391}"
EndProject
Global
	GlobalSection(SolutionConfigurationPlatforms) = preSolution
		Debug|Any CPU = Debug|Any CPU
		Release|Any CPU = Release|Any CPU
	EndGlobalSection
	GlobalSection(ProjectConfigurationPlatforms) = postSolution
		{151E951C-2130-41AE-86D0-E1D931B97391}.Debug|Any CPU.ActiveCfg = Debug|Any CPU
		{151E951C-2130-41AE-86D0-E1D931B97391}.Debug|Any CPU.Build.0 = Debug|Any CPU
		{151E951C-2130-41AE-86D0-E1D931B97391}.Release|Any CPU.ActiveCfg = Release|Any CPU
		{151E951C-2130-41AE-86D0-E1D931B97391}.Release|Any CPU.Build.0 = Release|Any CPU
	EndGlobalSection
	GlobalSection(SolutionProperties) = preSolution
		HideSolutionNode = FALSE
	EndGlobalSection
	GlobalSection(ExtensibilityGlobals) = postSolution
		SolutionGuid = {A8188AEB-2878-4949-A643-F3D8D1C90F51}
	EndGlobalSection
EndGlobal
